github.com/goplus/llgo v0.9.7-0.20240816085229-53d2d080f4c4 h1:fqqbWhWaoseSplLJF8OTkNGl4Kruqm1wQWT/Yooq6E4=
github.com/goplus/llgo v0.9.7-0.20240816085229-53d2d080f4c4/go.mod h1:5Fs+08NslqofJ7xtOiIXugkurYOoQvY02ZkFNWA1uEI=
golang.org/x/net v0.28.0 h1:a9JDOJc5GMUJ0+UDqmLT86WiEy7iWyIhz8gz8E4e5hE=
golang.org/x/net v0.28.0/go.mod h1:yqtgsTWOOnlGLG9GFRrK3++bGOUEkNBoHZc8MEDWPNg=
golang.org/x/text v0.17.0 h1:XtiM5bkSOt+ewxlOE/aE/AKEHibwj/6gvWMl9Rsh0Qc=
golang.org/x/text v0.17.0/go.mod h1:BuEKDfySbSR4drPmRPG/7iBdf8hvFMuRexcpahXilzY=
