github.com/goplus/llgo v0.9.7-0.20240830010153-2434fd778f0b h1:iC0vVA8F2DNJ9wVyHI9fP9U0nM+si3LSQJ1TtGftXyo=
github.com/goplus/llgo v0.9.7-0.20240830010153-2434fd778f0b/go.mod h1:5Fs+08NslqofJ7xtOiIXugkurYOoQvY02ZkFNWA1uEI=
golang.org/x/net v0.28.0 h1:a9JDOJc5GMUJ0+UDqmLT86WiEy7iWyIhz8gz8E4e5hE=
golang.org/x/net v0.28.0/go.mod h1:yqtgsTWOOnlGLG9GFRrK3++bGOUEkNBoHZc8MEDWPNg=
golang.org/x/text v0.17.0 h1:XtiM5bkSOt+ewxlOE/aE/AKEHibwj/6gvWMl9Rsh0Qc=
golang.org/x/text v0.17.0/go.mod h1:BuEKDfySbSR4drPmRPG/7iBdf8hvFMuRexcpahXilzY=
