github.com/goplus/llgo v0.9.0 h1:yaJzQperGUafEaHc9VlVQVskIngacoTNweEXY0GRi0Q=
github.com/goplus/llgo v0.9.0/go.mod h1:M3UwiYdPZFyx7m2J0+6Ti1dYVA3uOO1WvSBocuE8N7M=
github.com/goplus/llgo v0.9.1-0.20240709104849-d6a38a567fda h1:UIPwlgzCb8dV/7WFMyprhZuq8CSLAQIqwFpH5AhrNOM=
github.com/goplus/llgo v0.9.1-0.20240709104849-d6a38a567fda/go.mod h1:zsrtWZapL4aklZc99xBSZRynGzLTIT1mLRjP0VSn9iw=
github.com/goplus/llgo v0.9.1-0.20240712060421-858d38d314a3 h1:2fZ2zQ8S58KvOsJTx6s6MHoi6n1K4sqQwIbTauMrgEE=
github.com/goplus/llgo v0.9.1-0.20240712060421-858d38d314a3/go.mod h1:zsrtWZapL4aklZc99xBSZRynGzLTIT1mLRjP0VSn9iw=
